github.com/akamensky/argparse v0.0.0-20181214033745-dc6b5cfbc7a5 h1:vrNDzRDcDgrM+1euGYCYDRn6gvb9yEjKpm425cgPrzU=
github.com/akamensky/argparse v0.0.0-20181214033745-dc6b5cfbc7a5/go.mod h1:pdh+2piXurh466J9tqIqq39/9GO2Y8nZt6Cxzu18T9A=
gopkg.in/check.v1 v0.0.0-20161208181325-20d25e280405/go.mod h1:Co6ibVJAznAaIkqp8huTwlJQCZ016jof/cbN4VW5Yz0=
gopkg.in/yaml.v2 v2.2.2 h1:ZCJp+EgiOT7lHqUV2J862kp8Qj64Jo6az82+3Td9dZw=
gopkg.in/yaml.v2 v2.2.2/go.mod h1:hI93XBmqTisBFMUTm0b8Fm+jr3Dg1NNxqwp+5A1VGuI=
